{
  "version": 4,
  "terraform_version": "1.11.4",
  "serial": 5,
  "lineage": "425fe571-d7d2-63ef-fc37-7beb36e49596",
  "outputs": {
    "opensearch_dashboard_url": {
      "value": "search-log-observability-foan4tkzw74tzhok4sghpbhu4q.us-east-1.es.amazonaws.com",
      "type": "string"
    },
    "opensearch_endpoint": {
      "value": "search-log-observability-foan4tkzw74tzhok4sghpbhu4q.us-east-1.es.amazonaws.com",
      "type": "string"
    }
  },
  "resources": [
    {
      "mode": "data",
      "type": "aws_caller_identity",
      "name": "current",
      "provider": "provider[\"registry.terraform.io/hashicorp/aws\"]",
      "instances": [
        {
          "schema_version": 0,
          "attributes": {
            "account_id": "805953723911",
            "arn": "arn:aws:iam::805953723911:user/rafael-development",
            "id": "805953723911",
            "user_id": "AIDA3XJUV3YD2WBPFMA2I"
          },
          "sensitive_attributes": []
        }
      ]
    },
    {
      "mode": "data",
      "type": "aws_ssm_parameter",
      "name": "opensearch_password",
      "provider": "provider[\"registry.terraform.io/hashicorp/aws\"]",
      "instances": [
        {
          "schema_version": 0,
          "attributes": {
            "arn": "arn:aws:ssm:us-east-1:805953723911:parameter/opensearch/master_password",
            "id": "/opensearch/master_password",
            "insecure_value": "",
            "name": "/opensearch/master_password",
            "type": "SecureString",
            "value": "Ra84154225*",
            "version": 2,
            "with_decryption": true
          },
          "sensitive_attributes": [
            [
              {
                "type": "get_attr",
                "value": "value"
              }
            ]
          ]
        }
      ]
    },
    {
      "mode": "managed",
      "type": "aws_opensearch_domain",
      "name": "log_observability",
      "provider": "provider[\"registry.terraform.io/hashicorp/aws\"]",
      "instances": [
        {
          "schema_version": 0,
          "attributes": {
            "access_policies": "{\"Statement\":[{\"Action\":\"es:*\",\"Effect\":\"Allow\",\"Principal\":{\"AWS\":\"*\"},\"Resource\":\"arn:aws:es:us-east-1:805953723911:domain/log-observability/*\"}],\"Version\":\"2012-10-17\"}",
            "advanced_options": {},
            "advanced_security_options": [
              {
                "anonymous_auth_enabled": false,
                "enabled": true,
                "internal_user_database_enabled": true,
                "master_user_options": [
                  {
                    "master_user_arn": "",
                    "master_user_name": "admin",
                    "master_user_password": "Ra84154225*"
                  }
                ]
              }
            ],
            "arn": "arn:aws:es:us-east-1:805953723911:domain/log-observability",
            "auto_tune_options": [
              {
                "desired_state": "DISABLED",
                "maintenance_schedule": [],
                "rollback_on_disable": "NO_ROLLBACK",
                "use_off_peak_window": false
              }
            ],
            "cluster_config": [
              {
                "cold_storage_options": [
                  {
                    "enabled": false
                  }
                ],
                "dedicated_master_count": 0,
                "dedicated_master_enabled": false,
                "dedicated_master_type": "",
                "instance_count": 1,
                "instance_type": "t3.small.search",
                "multi_az_with_standby_enabled": false,
                "node_options": [],
                "warm_count": 0,
                "warm_enabled": false,
                "warm_type": "",
                "zone_awareness_config": [],
                "zone_awareness_enabled": false
              }
            ],
            "cognito_options": [
              {
                "enabled": false,
                "identity_pool_id": "",
                "role_arn": "",
                "user_pool_id": ""
              }
            ],
            "dashboard_endpoint": "search-log-observability-foan4tkzw74tzhok4sghpbhu4q.us-east-1.es.amazonaws.com/_dashboards",
            "dashboard_endpoint_v2": null,
            "domain_endpoint_options": [
              {
                "custom_endpoint": "",
                "custom_endpoint_certificate_arn": "",
                "custom_endpoint_enabled": false,
                "enforce_https": true,
                "tls_security_policy": "Policy-Min-TLS-1-2-2019-07"
              }
            ],
            "domain_endpoint_v2_hosted_zone_id": "",
            "domain_id": "805953723911/log-observability",
            "domain_name": "log-observability",
            "ebs_options": [
              {
                "ebs_enabled": true,
                "iops": 0,
                "throughput": 0,
                "volume_size": 10,
                "volume_type": "gp2"
              }
            ],
            "encrypt_at_rest": [
              {
                "enabled": true,
                "kms_key_id": "arn:aws:kms:us-east-1:805953723911:key/afc692c9-76de-4c43-8027-24ebd2390a4e"
              }
            ],
            "endpoint": "search-log-observability-foan4tkzw74tzhok4sghpbhu4q.us-east-1.es.amazonaws.com",
            "endpoint_v2": null,
            "engine_version": "OpenSearch_2.11",
            "id": "arn:aws:es:us-east-1:805953723911:domain/log-observability",
            "ip_address_type": "ipv4",
            "kibana_endpoint": "search-log-observability-foan4tkzw74tzhok4sghpbhu4q.us-east-1.es.amazonaws.com/_plugin/kibana/",
            "log_publishing_options": [],
            "node_to_node_encryption": [
              {
                "enabled": true
              }
            ],
            "off_peak_window_options": [
              {
                "enabled": true,
                "off_peak_window": [
                  {
                    "window_start_time": [
                      {
                        "hours": 2,
                        "minutes": 0
                      }
                    ]
                  }
                ]
              }
            ],
            "snapshot_options": [
              {
                "automated_snapshot_start_hour": 0
              }
            ],
            "software_update_options": [
              {
                "auto_software_update_enabled": false
              }
            ],
            "tags": null,
            "tags_all": {},
            "timeouts": null,
            "vpc_options": []
          },
          "sensitive_attributes": [
            [
              {
                "type": "get_attr",
                "value": "advanced_security_options"
              },
              {
                "type": "index",
                "value": {
                  "value": 0,
                  "type": "number"
                }
              },
              {
                "type": "get_attr",
                "value": "master_user_options"
              },
              {
                "type": "index",
                "value": {
                  "value": 0,
                  "type": "number"
                }
              },
              {
                "type": "get_attr",
                "value": "master_user_password"
              }
            ]
          ],
          "private": "eyJlMmJmYjczMC1lY2FhLTExZTYtOGY4OC0zNDM2M2JjN2M0YzAiOnsiY3JlYXRlIjo3MjAwMDAwMDAwMDAwLCJkZWxldGUiOjU0MDAwMDAwMDAwMDAsInVwZGF0ZSI6MTA4MDAwMDAwMDAwMDB9fQ==",
          "dependencies": [
            "data.aws_caller_identity.current",
            "data.aws_ssm_parameter.opensearch_password"
          ]
        }
      ]
    },
    {
      "mode": "managed",
      "type": "null_resource",
      "name": "create_opensearch_role",
      "provider": "provider[\"registry.terraform.io/hashicorp/null\"]",
      "instances": [
        {
          "schema_version": 0,
          "attributes": {
            "id": "3090189622092386759",
            "triggers": null
          },
          "sensitive_attributes": [],
          "dependencies": [
            "aws_opensearch_domain.log_observability",
            "data.aws_caller_identity.current",
            "data.aws_ssm_parameter.opensearch_password"
          ]
        }
      ]
    },
    {
      "mode": "managed",
      "type": "null_resource",
      "name": "map_iam_role_to_opensearch",
      "provider": "provider[\"registry.terraform.io/hashicorp/null\"]",
      "instances": [
        {
          "schema_version": 0,
          "attributes": {
            "id": "3150082448559508771",
            "triggers": null
          },
          "sensitive_attributes": [],
          "dependencies": [
            "aws_opensearch_domain.log_observability",
            "data.aws_caller_identity.current",
            "data.aws_ssm_parameter.opensearch_password",
            "null_resource.create_opensearch_role"
          ]
        }
      ]
    }
  ],
  "check_results": null
}
